
Microsoft Visual Studio Solution File, Format Version 12.00
Project("{FAE04EC0-301F-11D3-BF4B-00C04F79EFBC}") = "SharpChain", "SharpChain\SharpChain.csproj", "{C3ADF93C-3F91-4A17-9091-793F58B61642}"
EndProject
Global
	GlobalSection(SolutionConfigurationPlatforms) = preSolution
		Debug|Any CPU = Debug|Any CPU
		Release|Any CPU = Release|Any CPU
	EndGlobalSection
	GlobalSection(ProjectConfigurationPlatforms) = postSolution
		{C3ADF93C-3F91-4A17-9091-793F58B61642}.Debug|Any CPU.ActiveCfg = Debug|Any CPU
		{C3ADF93C-3F91-4A17-9091-793F58B61642}.Debug|Any CPU.Build.0 = Debug|Any CPU
		{C3ADF93C-3F91-4A17-9091-793F58B61642}.Release|Any CPU.ActiveCfg = Release|Any CPU
		{C3ADF93C-3F91-4A17-9091-793F58B61642}.Release|Any CPU.Build.0 = Release|Any CPU
	EndGlobalSection
EndGlobal
